// !$*UTF8*$!
{
	archiveVersion = 1;
	classes = {
	};
	objectVersion = 52;
	objects = {

/* Begin PBXBuildFile section */
		953DF3872644587E00DC8189 /* GameScene+Loads.swift in Sources */ = {isa = PBXBuildFile; fileRef = 953DF3862644587E00DC8189 /* GameScene+Loads.swift */; };
		955936EF26761B4A00028745 /* ARCADECLASSIC.TTF in Resources */ = {isa = PBXBuildFile; fileRef = 955936EE26761B4A00028745 /* ARCADECLASSIC.TTF */; };
		955A0000263C16420023D8EB /* Actions.sks in Resources */ = {isa = PBXBuildFile; fileRef = 955AFFFF263C16420023D8EB /* Actions.sks */; };
		955A0002263C16420023D8EB /* GameScene.swift in Sources */ = {isa = PBXBuildFile; fileRef = 955A0001263C16420023D8EB /* GameScene.swift */; };
		955A0004263C16420023D8EB /* GameViewController.swift in Sources */ = {isa = PBXBuildFile; fileRef = 955A0003263C16420023D8EB /* GameViewController.swift */; };
		955A0007263C16420023D8EB /* Main.storyboard in Resources */ = {isa = PBXBuildFile; fileRef = 955A0005263C16420023D8EB /* Main.storyboard */; };
		955A0009263C166B0023D8EB /* Assets.xcassets in Resources */ = {isa = PBXBuildFile; fileRef = 955A0008263C166B0023D8EB /* Assets.xcassets */; };
		955A0014263C166C0023D8EB /* PhoenixGameTests.swift in Sources */ = {isa = PBXBuildFile; fileRef = 955A0013263C166C0023D8EB /* PhoenixGameTests.swift */; };
		955A001F263C166D0023D8EB /* PhoenixGameUITests.swift in Sources */ = {isa = PBXBuildFile; fileRef = 955A001E263C166D0023D8EB /* PhoenixGameUITests.swift */; };
		955A0031263C1E610023D8EB /* SwifterSwift in Frameworks */ = {isa = PBXBuildFile; productRef = 955A0030263C1E610023D8EB /* SwifterSwift */; };
		955AFFFC263C16400023D8EB /* AppDelegate.swift in Sources */ = {isa = PBXBuildFile; fileRef = 955AFFFB263C16400023D8EB /* AppDelegate.swift */; };
		955AFFFE263C16420023D8EB /* GameScene.sks in Resources */ = {isa = PBXBuildFile; fileRef = 955AFFFD263C16420023D8EB /* GameScene.sks */; };
		959BF6D12649A153007933C1 /* GameScene+AI.swift in Sources */ = {isa = PBXBuildFile; fileRef = 959BF6D02649A153007933C1 /* GameScene+AI.swift */; };
		EF53D94A26669F63004F3DD4 /* GameScene+ContactDelegate.swift in Sources */ = {isa = PBXBuildFile; fileRef = EF53D94926669F63004F3DD4 /* GameScene+ContactDelegate.swift */; };
/* End PBXBuildFile section */

/* Begin PBXContainerItemProxy section */
		955A0010263C166C0023D8EB /* PBXContainerItemProxy */ = {
			isa = PBXContainerItemProxy;
			containerPortal = 955AFFF0263C163F0023D8EB /* Project object */;
			proxyType = 1;
			remoteGlobalIDString = 955AFFF7263C16400023D8EB;
			remoteInfo = Phoenix_Game;
		};
		955A001B263C166C0023D8EB /* PBXContainerItemProxy */ = {
			isa = PBXContainerItemProxy;
			containerPortal = 955AFFF0263C163F0023D8EB /* Project object */;
			proxyType = 1;
			remoteGlobalIDString = 955AFFF7263C16400023D8EB;
			remoteInfo = Phoenix_Game;
		};
/* End PBXContainerItemProxy section */

/* Begin PBXFileReference section */
		953DF3862644587E00DC8189 /* GameScene+Loads.swift */ = {isa = PBXFileReference; lastKnownFileType = sourcecode.swift; path = "GameScene+Loads.swift"; sourceTree = "<group>"; wrapsLines = 1; };
		955936EE26761B4A00028745 /* ARCADECLASSIC.TTF */ = {isa = PBXFileReference; lastKnownFileType = file; name = ARCADECLASSIC.TTF; path = ../../arcadeclassic/ARCADECLASSIC.TTF; sourceTree = "<group>"; };
		955A0001263C16420023D8EB /* GameScene.swift */ = {isa = PBXFileReference; lastKnownFileType = sourcecode.swift; path = GameScene.swift; sourceTree = "<group>"; };
		955A0003263C16420023D8EB /* GameViewController.swift */ = {isa = PBXFileReference; lastKnownFileType = sourcecode.swift; path = GameViewController.swift; sourceTree = "<group>"; };
		955A0006263C16420023D8EB /* Base */ = {isa = PBXFileReference; lastKnownFileType = file.storyboard; name = Base; path = Base.lproj/Main.storyboard; sourceTree = "<group>"; };
		955A0008263C166B0023D8EB /* Assets.xcassets */ = {isa = PBXFileReference; lastKnownFileType = folder.assetcatalog; path = Assets.xcassets; sourceTree = "<group>"; };
		955A000A263C166B0023D8EB /* Info.plist */ = {isa = PBXFileReference; lastKnownFileType = text.plist.xml; path = Info.plist; sourceTree = "<group>"; };
		955A000F263C166C0023D8EB /* Phoenix_GameTests.xctest */ = {isa = PBXFileReference; explicitFileType = wrapper.cfbundle; includeInIndex = 0; path = Phoenix_GameTests.xctest; sourceTree = BUILT_PRODUCTS_DIR; };
		955A0013263C166C0023D8EB /* PhoenixGameTests.swift */ = {isa = PBXFileReference; lastKnownFileType = sourcecode.swift; path = PhoenixGameTests.swift; sourceTree = "<group>"; };
		955A0015263C166C0023D8EB /* Info.plist */ = {isa = PBXFileReference; lastKnownFileType = text.plist.xml; path = Info.plist; sourceTree = "<group>"; };
		955A001A263C166C0023D8EB /* Phoenix_GameUITests.xctest */ = {isa = PBXFileReference; explicitFileType = wrapper.cfbundle; includeInIndex = 0; path = Phoenix_GameUITests.xctest; sourceTree = BUILT_PRODUCTS_DIR; };
		955A001E263C166D0023D8EB /* PhoenixGameUITests.swift */ = {isa = PBXFileReference; lastKnownFileType = sourcecode.swift; path = PhoenixGameUITests.swift; sourceTree = "<group>"; };
		955A0020263C166D0023D8EB /* Info.plist */ = {isa = PBXFileReference; lastKnownFileType = text.plist.xml; path = Info.plist; sourceTree = "<group>"; };
		955AFFF8263C16400023D8EB /* Phoenix_Game.app */ = {isa = PBXFileReference; explicitFileType = wrapper.application; includeInIndex = 0; path = Phoenix_Game.app; sourceTree = BUILT_PRODUCTS_DIR; };
		955AFFFB263C16400023D8EB /* AppDelegate.swift */ = {isa = PBXFileReference; lastKnownFileType = sourcecode.swift; path = AppDelegate.swift; sourceTree = "<group>"; };
		955AFFFD263C16420023D8EB /* GameScene.sks */ = {isa = PBXFileReference; lastKnownFileType = file.sks; path = GameScene.sks; sourceTree = "<group>"; };
		955AFFFF263C16420023D8EB /* Actions.sks */ = {isa = PBXFileReference; lastKnownFileType = file.sks; path = Actions.sks; sourceTree = "<group>"; };
		959BF6D02649A153007933C1 /* GameScene+AI.swift */ = {isa = PBXFileReference; lastKnownFileType = sourcecode.swift; path = "GameScene+AI.swift"; sourceTree = "<group>"; };
		EF53D94926669F63004F3DD4 /* GameScene+ContactDelegate.swift */ = {isa = PBXFileReference; lastKnownFileType = sourcecode.swift; path = "GameScene+ContactDelegate.swift"; sourceTree = "<group>"; };
/* End PBXFileReference section */

/* Begin PBXFrameworksBuildPhase section */
		955A000C263C166C0023D8EB /* Frameworks */ = {
			isa = PBXFrameworksBuildPhase;
			buildActionMask = 2147483647;
			files = (
			);
			runOnlyForDeploymentPostprocessing = 0;
		};
		955A0017263C166C0023D8EB /* Frameworks */ = {
			isa = PBXFrameworksBuildPhase;
			buildActionMask = 2147483647;
			files = (
			);
			runOnlyForDeploymentPostprocessing = 0;
		};
		955AFFF5263C16400023D8EB /* Frameworks */ = {
			isa = PBXFrameworksBuildPhase;
			buildActionMask = 2147483647;
			files = (
				955A0031263C1E610023D8EB /* SwifterSwift in Frameworks */,
			);
			runOnlyForDeploymentPostprocessing = 0;
		};
/* End PBXFrameworksBuildPhase section */

/* Begin PBXGroup section */
		955A0012263C166C0023D8EB /* Phoenix_GameTests */ = {
			isa = PBXGroup;
			children = (
				955A0013263C166C0023D8EB /* PhoenixGameTests.swift */,
				955A0015263C166C0023D8EB /* Info.plist */,
			);
			path = Phoenix_GameTests;
			sourceTree = "<group>";
		};
		955A001D263C166D0023D8EB /* Phoenix_GameUITests */ = {
			isa = PBXGroup;
			children = (
				955A001E263C166D0023D8EB /* PhoenixGameUITests.swift */,
				955A0020263C166D0023D8EB /* Info.plist */,
			);
			path = Phoenix_GameUITests;
			sourceTree = "<group>";
		};
		955AFFEF263C163F0023D8EB = {
			isa = PBXGroup;
			children = (
				955936EE26761B4A00028745 /* ARCADECLASSIC.TTF */,
				955AFFFA263C16400023D8EB /* Phoenix_Game */,
				955A0012263C166C0023D8EB /* Phoenix_GameTests */,
				955A001D263C166D0023D8EB /* Phoenix_GameUITests */,
				955AFFF9263C16400023D8EB /* Products */,
			);
			sourceTree = "<group>";
		};
		955AFFF9263C16400023D8EB /* Products */ = {
			isa = PBXGroup;
			children = (
				955AFFF8263C16400023D8EB /* Phoenix_Game.app */,
				955A000F263C166C0023D8EB /* Phoenix_GameTests.xctest */,
				955A001A263C166C0023D8EB /* Phoenix_GameUITests.xctest */,
			);
			name = Products;
			sourceTree = "<group>";
		};
		955AFFFA263C16400023D8EB /* Phoenix_Game */ = {
			isa = PBXGroup;
			children = (
				955AFFFB263C16400023D8EB /* AppDelegate.swift */,
				955A0001263C16420023D8EB /* GameScene.swift */,
				953DF3862644587E00DC8189 /* GameScene+Loads.swift */,
				959BF6D02649A153007933C1 /* GameScene+AI.swift */,
				EF53D94926669F63004F3DD4 /* GameScene+ContactDelegate.swift */,
				955A0003263C16420023D8EB /* GameViewController.swift */,
				955A0005263C16420023D8EB /* Main.storyboard */,
				955A0008263C166B0023D8EB /* Assets.xcassets */,
				955A000A263C166B0023D8EB /* Info.plist */,
				955AFFFF263C16420023D8EB /* Actions.sks */,
				955AFFFD263C16420023D8EB /* GameScene.sks */,
			);
			path = Phoenix_Game;
			sourceTree = "<group>";
		};
/* End PBXGroup section */

/* Begin PBXNativeTarget section */
		955A000E263C166C0023D8EB /* Phoenix_GameTests */ = {
			isa = PBXNativeTarget;
			buildConfigurationList = 955A0026263C166D0023D8EB /* Build configuration list for PBXNativeTarget "Phoenix_GameTests" */;
			buildPhases = (
				955A000B263C166C0023D8EB /* Sources */,
				955A000C263C166C0023D8EB /* Frameworks */,
				955A000D263C166C0023D8EB /* Resources */,
			);
			buildRules = (
			);
			dependencies = (
				955A0011263C166C0023D8EB /* PBXTargetDependency */,
			);
			name = Phoenix_GameTests;
			productName = Phoenix_GameTests;
			productReference = 955A000F263C166C0023D8EB /* Phoenix_GameTests.xctest */;
			productType = "com.apple.product-type.bundle.unit-test";
		};
		955A0019263C166C0023D8EB /* Phoenix_GameUITests */ = {
			isa = PBXNativeTarget;
			buildConfigurationList = 955A0029263C166D0023D8EB /* Build configuration list for PBXNativeTarget "Phoenix_GameUITests" */;
			buildPhases = (
				955A0016263C166C0023D8EB /* Sources */,
				955A0017263C166C0023D8EB /* Frameworks */,
				955A0018263C166C0023D8EB /* Resources */,
			);
			buildRules = (
			);
			dependencies = (
				955A001C263C166C0023D8EB /* PBXTargetDependency */,
			);
			name = Phoenix_GameUITests;
			productName = Phoenix_GameUITests;
			productReference = 955A001A263C166C0023D8EB /* Phoenix_GameUITests.xctest */;
			productType = "com.apple.product-type.bundle.ui-testing";
		};
		955AFFF7263C16400023D8EB /* Phoenix_Game */ = {
			isa = PBXNativeTarget;
			buildConfigurationList = 955A0023263C166D0023D8EB /* Build configuration list for PBXNativeTarget "Phoenix_Game" */;
			buildPhases = (
				955AFFF4263C16400023D8EB /* Sources */,
				955AFFF5263C16400023D8EB /* Frameworks */,
				955AFFF6263C16400023D8EB /* Resources */,
				954C0615265431D400CE5B8A /* Run Swiftlint */,
			);
			buildRules = (
			);
			dependencies = (
			);
			name = Phoenix_Game;
			packageProductDependencies = (
				955A0030263C1E610023D8EB /* SwifterSwift */,
			);
			productName = Phoenix_Game;
			productReference = 955AFFF8263C16400023D8EB /* Phoenix_Game.app */;
			productType = "com.apple.product-type.application";
		};
/* End PBXNativeTarget section */

/* Begin PBXProject section */
		955AFFF0263C163F0023D8EB /* Project object */ = {
			isa = PBXProject;
			attributes = {
				LastSwiftUpdateCheck = 1250;
				LastUpgradeCheck = 1250;
				TargetAttributes = {
					955A000E263C166C0023D8EB = {
						CreatedOnToolsVersion = 12.5;
						TestTargetID = 955AFFF7263C16400023D8EB;
					};
					955A0019263C166C0023D8EB = {
						CreatedOnToolsVersion = 12.5;
						TestTargetID = 955AFFF7263C16400023D8EB;
					};
					955AFFF7263C16400023D8EB = {
						CreatedOnToolsVersion = 12.5;
					};
				};
			};
			buildConfigurationList = 955AFFF3263C163F0023D8EB /* Build configuration list for PBXProject "Phoenix_Game" */;
			compatibilityVersion = "Xcode 9.3";
			developmentRegion = en;
			hasScannedForEncodings = 0;
			knownRegions = (
				en,
				Base,
			);
			mainGroup = 955AFFEF263C163F0023D8EB;
			packageReferences = (
				955A002F263C1E610023D8EB /* XCRemoteSwiftPackageReference "SwifterSwift" */,
			);
			productRefGroup = 955AFFF9263C16400023D8EB /* Products */;
			projectDirPath = "";
			projectRoot = "";
			targets = (
				955AFFF7263C16400023D8EB /* Phoenix_Game */,
				955A000E263C166C0023D8EB /* Phoenix_GameTests */,
				955A0019263C166C0023D8EB /* Phoenix_GameUITests */,
			);
		};
/* End PBXProject section */

/* Begin PBXResourcesBuildPhase section */
		955A000D263C166C0023D8EB /* Resources */ = {
			isa = PBXResourcesBuildPhase;
			buildActionMask = 2147483647;
			files = (
			);
			runOnlyForDeploymentPostprocessing = 0;
		};
		955A0018263C166C0023D8EB /* Resources */ = {
			isa = PBXResourcesBuildPhase;
			buildActionMask = 2147483647;
			files = (
			);
			runOnlyForDeploymentPostprocessing = 0;
		};
		955AFFF6263C16400023D8EB /* Resources */ = {
			isa = PBXResourcesBuildPhase;
			buildActionMask = 2147483647;
			files = (
				955A0007263C16420023D8EB /* Main.storyboard in Resources */,
				955AFFFE263C16420023D8EB /* GameScene.sks in Resources */,
				955A0009263C166B0023D8EB /* Assets.xcassets in Resources */,
				955936EF26761B4A00028745 /* ARCADECLASSIC.TTF in Resources */,
				955A0000263C16420023D8EB /* Actions.sks in Resources */,
			);
			runOnlyForDeploymentPostprocessing = 0;
		};
/* End PBXResourcesBuildPhase section */

/* Begin PBXShellScriptBuildPhase section */
		954C0615265431D400CE5B8A /* Run Swiftlint */ = {
			isa = PBXShellScriptBuildPhase;
			buildActionMask = 2147483647;
			files = (
			);
			inputFileListPaths = (
			);
			inputPaths = (
			);
			name = "Run Swiftlint";
			outputFileListPaths = (
			);
			outputPaths = (
			);
			runOnlyForDeploymentPostprocessing = 0;
			shellPath = /bin/sh;
			shellScript = "if which swiftlint >/dev/null; then\n  swiftlint\nelse\n  echo \"warning: SwiftLint not installed, download from https://github.com/realm/SwiftLint\"\nfi\n";
		};
/* End PBXShellScriptBuildPhase section */

/* Begin PBXSourcesBuildPhase section */
		955A000B263C166C0023D8EB /* Sources */ = {
			isa = PBXSourcesBuildPhase;
			buildActionMask = 2147483647;
			files = (
				955A0014263C166C0023D8EB /* PhoenixGameTests.swift in Sources */,
			);
			runOnlyForDeploymentPostprocessing = 0;
		};
		955A0016263C166C0023D8EB /* Sources */ = {
			isa = PBXSourcesBuildPhase;
			buildActionMask = 2147483647;
			files = (
				955A001F263C166D0023D8EB /* PhoenixGameUITests.swift in Sources */,
			);
			runOnlyForDeploymentPostprocessing = 0;
		};
		955AFFF4263C16400023D8EB /* Sources */ = {
			isa = PBXSourcesBuildPhase;
			buildActionMask = 2147483647;
			files = (
				955A0002263C16420023D8EB /* GameScene.swift in Sources */,
				955A0004263C16420023D8EB /* GameViewController.swift in Sources */,
				EF53D94A26669F63004F3DD4 /* GameScene+ContactDelegate.swift in Sources */,
				953DF3872644587E00DC8189 /* GameScene+Loads.swift in Sources */,
				955AFFFC263C16400023D8EB /* AppDelegate.swift in Sources */,
				959BF6D12649A153007933C1 /* GameScene+AI.swift in Sources */,
			);
			runOnlyForDeploymentPostprocessing = 0;
		};
/* End PBXSourcesBuildPhase section */

/* Begin PBXTargetDependency section */
		955A0011263C166C0023D8EB /* PBXTargetDependency */ = {
			isa = PBXTargetDependency;
			target = 955AFFF7263C16400023D8EB /* Phoenix_Game */;
			targetProxy = 955A0010263C166C0023D8EB /* PBXContainerItemProxy */;
		};
		955A001C263C166C0023D8EB /* PBXTargetDependency */ = {
			isa = PBXTargetDependency;
			target = 955AFFF7263C16400023D8EB /* Phoenix_Game */;
			targetProxy = 955A001B263C166C0023D8EB /* PBXContainerItemProxy */;
		};
/* End PBXTargetDependency section */

/* Begin PBXVariantGroup section */
		955A0005263C16420023D8EB /* Main.storyboard */ = {
			isa = PBXVariantGroup;
			children = (
				955A0006263C16420023D8EB /* Base */,
			);
			name = Main.storyboard;
			sourceTree = "<group>";
		};
/* End PBXVariantGroup section */

/* Begin XCBuildConfiguration section */
		955A0021263C166D0023D8EB /* Debug */ = {
			isa = XCBuildConfiguration;
			buildSettings = {
				ALWAYS_SEARCH_USER_PATHS = NO;
				CLANG_ANALYZER_NONNULL = YES;
				CLANG_ANALYZER_NUMBER_OBJECT_CONVERSION = YES_AGGRESSIVE;
				CLANG_CXX_LANGUAGE_STANDARD = "gnu++14";
				CLANG_CXX_LIBRARY = "libc++";
				CLANG_ENABLE_MODULES = YES;
				CLANG_ENABLE_OBJC_ARC = YES;
				CLANG_ENABLE_OBJC_WEAK = YES;
				CLANG_WARN_BLOCK_CAPTURE_AUTORELEASING = YES;
				CLANG_WARN_BOOL_CONVERSION = YES;
				CLANG_WARN_COMMA = YES;
				CLANG_WARN_CONSTANT_CONVERSION = YES;
				CLANG_WARN_DEPRECATED_OBJC_IMPLEMENTATIONS = YES;
				CLANG_WARN_DIRECT_OBJC_ISA_USAGE = YES_ERROR;
				CLANG_WARN_DOCUMENTATION_COMMENTS = YES;
				CLANG_WARN_EMPTY_BODY = YES;
				CLANG_WARN_ENUM_CONVERSION = YES;
				CLANG_WARN_INFINITE_RECURSION = YES;
				CLANG_WARN_INT_CONVERSION = YES;
				CLANG_WARN_NON_LITERAL_NULL_CONVERSION = YES;
				CLANG_WARN_OBJC_IMPLICIT_RETAIN_SELF = YES;
				CLANG_WARN_OBJC_LITERAL_CONVERSION = YES;
				CLANG_WARN_OBJC_ROOT_CLASS = YES_ERROR;
				CLANG_WARN_QUOTED_INCLUDE_IN_FRAMEWORK_HEADER = YES;
				CLANG_WARN_RANGE_LOOP_ANALYSIS = YES;
				CLANG_WARN_STRICT_PROTOTYPES = YES;
				CLANG_WARN_SUSPICIOUS_MOVE = YES;
				CLANG_WARN_UNGUARDED_AVAILABILITY = YES_AGGRESSIVE;
				CLANG_WARN_UNREACHABLE_CODE = YES;
				CLANG_WARN__DUPLICATE_METHOD_MATCH = YES;
				COPY_PHASE_STRIP = NO;
				DEBUG_INFORMATION_FORMAT = dwarf;
				ENABLE_STRICT_OBJC_MSGSEND = YES;
				ENABLE_TESTABILITY = YES;
				GCC_C_LANGUAGE_STANDARD = gnu11;
				GCC_DYNAMIC_NO_PIC = NO;
				GCC_NO_COMMON_BLOCKS = YES;
				GCC_OPTIMIZATION_LEVEL = 0;
				GCC_PREPROCESSOR_DEFINITIONS = (
					"DEBUG=1",
					"$(inherited)",
				);
				GCC_WARN_64_TO_32_BIT_CONVERSION = YES;
				GCC_WARN_ABOUT_RETURN_TYPE = YES_ERROR;
				GCC_WARN_UNDECLARED_SELECTOR = YES;
				GCC_WARN_UNINITIALIZED_AUTOS = YES_AGGRESSIVE;
				GCC_WARN_UNUSED_FUNCTION = YES;
				GCC_WARN_UNUSED_VARIABLE = YES;
				IPHONEOS_DEPLOYMENT_TARGET = 14.4;
				MTL_ENABLE_DEBUG_INFO = INCLUDE_SOURCE;
				MTL_FAST_MATH = YES;
				ONLY_ACTIVE_ARCH = YES;
				SDKROOT = iphoneos;
				SWIFT_ACTIVE_COMPILATION_CONDITIONS = DEBUG;
				SWIFT_OPTIMIZATION_LEVEL = "-Onone";
			};
			name = Debug;
		};
		955A0022263C166D0023D8EB /* Release */ = {
			isa = XCBuildConfiguration;
			buildSettings = {
				ALWAYS_SEARCH_USER_PATHS = NO;
				CLANG_ANALYZER_NONNULL = YES;
				CLANG_ANALYZER_NUMBER_OBJECT_CONVERSION = YES_AGGRESSIVE;
				CLANG_CXX_LANGUAGE_STANDARD = "gnu++14";
				CLANG_CXX_LIBRARY = "libc++";
				CLANG_ENABLE_MODULES = YES;
				CLANG_ENABLE_OBJC_ARC = YES;
				CLANG_ENABLE_OBJC_WEAK = YES;
				CLANG_WARN_BLOCK_CAPTURE_AUTORELEASING = YES;
				CLANG_WARN_BOOL_CONVERSION = YES;
				CLANG_WARN_COMMA = YES;
				CLANG_WARN_CONSTANT_CONVERSION = YES;
				CLANG_WARN_DEPRECATED_OBJC_IMPLEMENTATIONS = YES;
				CLANG_WARN_DIRECT_OBJC_ISA_USAGE = YES_ERROR;
				CLANG_WARN_DOCUMENTATION_COMMENTS = YES;
				CLANG_WARN_EMPTY_BODY = YES;
				CLANG_WARN_ENUM_CONVERSION = YES;
				CLANG_WARN_INFINITE_RECURSION = YES;
				CLANG_WARN_INT_CONVERSION = YES;
				CLANG_WARN_NON_LITERAL_NULL_CONVERSION = YES;
				CLANG_WARN_OBJC_IMPLICIT_RETAIN_SELF = YES;
				CLANG_WARN_OBJC_LITERAL_CONVERSION = YES;
				CLANG_WARN_OBJC_ROOT_CLASS = YES_ERROR;
				CLANG_WARN_QUOTED_INCLUDE_IN_FRAMEWORK_HEADER = YES;
				CLANG_WARN_RANGE_LOOP_ANALYSIS = YES;
				CLANG_WARN_STRICT_PROTOTYPES = YES;
				CLANG_WARN_SUSPICIOUS_MOVE = YES;
				CLANG_WARN_UNGUARDED_AVAILABILITY = YES_AGGRESSIVE;
				CLANG_WARN_UNREACHABLE_CODE = YES;
				CLANG_WARN__DUPLICATE_METHOD_MATCH = YES;
				COPY_PHASE_STRIP = NO;
				DEBUG_INFORMATION_FORMAT = "dwarf-with-dsym";
				ENABLE_NS_ASSERTIONS = NO;
				ENABLE_STRICT_OBJC_MSGSEND = YES;
				GCC_C_LANGUAGE_STANDARD = gnu11;
				GCC_NO_COMMON_BLOCKS = YES;
				GCC_WARN_64_TO_32_BIT_CONVERSION = YES;
				GCC_WARN_ABOUT_RETURN_TYPE = YES_ERROR;
				GCC_WARN_UNDECLARED_SELECTOR = YES;
				GCC_WARN_UNINITIALIZED_AUTOS = YES_AGGRESSIVE;
				GCC_WARN_UNUSED_FUNCTION = YES;
				GCC_WARN_UNUSED_VARIABLE = YES;
				IPHONEOS_DEPLOYMENT_TARGET = 14.4;
				MTL_ENABLE_DEBUG_INFO = NO;
				MTL_FAST_MATH = YES;
				SDKROOT = iphoneos;
				SWIFT_COMPILATION_MODE = wholemodule;
				SWIFT_OPTIMIZATION_LEVEL = "-O";
				VALIDATE_PRODUCT = YES;
			};
			name = Release;
		};
		955A0024263C166D0023D8EB /* Debug */ = {
			isa = XCBuildConfiguration;
			buildSettings = {
				ASSETCATALOG_COMPILER_APPICON_NAME = AppIcon;
				ASSETCATALOG_COMPILER_GLOBAL_ACCENT_COLOR_NAME = AccentColor;
				CODE_SIGN_STYLE = Automatic;
				DEVELOPMENT_TEAM = UH8858846Y;
				INFOPLIST_FILE = Phoenix_Game/Info.plist;
				LD_RUNPATH_SEARCH_PATHS = (
					"$(inherited)",
					"@executable_path/Frameworks",
				);
				PRODUCT_BUNDLE_IDENTIFIER = "Resurrection-Bird.Phoenix-Game";
				PRODUCT_NAME = "$(TARGET_NAME)";
				SWIFT_VERSION = 5.0;
				TARGETED_DEVICE_FAMILY = "1,2";
			};
			name = Debug;
		};
		955A0025263C166D0023D8EB /* Release */ = {
			isa = XCBuildConfiguration;
			buildSettings = {
				ASSETCATALOG_COMPILER_APPICON_NAME = AppIcon;
				ASSETCATALOG_COMPILER_GLOBAL_ACCENT_COLOR_NAME = AccentColor;
				CODE_SIGN_STYLE = Automatic;
				DEVELOPMENT_TEAM = UH8858846Y;
				INFOPLIST_FILE = Phoenix_Game/Info.plist;
				LD_RUNPATH_SEARCH_PATHS = (
					"$(inherited)",
					"@executable_path/Frameworks",
				);
				PRODUCT_BUNDLE_IDENTIFIER = "Resurrection-Bird.Phoenix-Game";
				PRODUCT_NAME = "$(TARGET_NAME)";
				SWIFT_VERSION = 5.0;
				TARGETED_DEVICE_FAMILY = "1,2";
			};
			name = Release;
		};
		955A0027263C166D0023D8EB /* Debug */ = {
			isa = XCBuildConfiguration;
			buildSettings = {
				ALWAYS_EMBED_SWIFT_STANDARD_LIBRARIES = YES;
				BUNDLE_LOADER = "$(TEST_HOST)";
				CODE_SIGN_STYLE = Automatic;
				DEVELOPMENT_TEAM = UH8858846Y;
				INFOPLIST_FILE = Phoenix_GameTests/Info.plist;
				IPHONEOS_DEPLOYMENT_TARGET = 14.5;
				LD_RUNPATH_SEARCH_PATHS = (
					"$(inherited)",
					"@executable_path/Frameworks",
					"@loader_path/Frameworks",
				);
				PRODUCT_BUNDLE_IDENTIFIER = "Resurrection-Bird.Phoenix-GameTests";
				PRODUCT_NAME = "$(TARGET_NAME)";
				SWIFT_VERSION = 5.0;
				TARGETED_DEVICE_FAMILY = "1,2";
				TEST_HOST = "$(BUILT_PRODUCTS_DIR)/Phoenix_Game.app/Phoenix_Game";
			};
			name = Debug;
		};
		955A0028263C166D0023D8EB /* Release */ = {
			isa = XCBuildConfiguration;
			buildSettings = {
				ALWAYS_EMBED_SWIFT_STANDARD_LIBRARIES = YES;
				BUNDLE_LOADER = "$(TEST_HOST)";
				CODE_SIGN_STYLE = Automatic;
				DEVELOPMENT_TEAM = UH8858846Y;
				INFOPLIST_FILE = Phoenix_GameTests/Info.plist;
				IPHONEOS_DEPLOYMENT_TARGET = 14.5;
				LD_RUNPATH_SEARCH_PATHS = (
					"$(inherited)",
					"@executable_path/Frameworks",
					"@loader_path/Frameworks",
				);
				PRODUCT_BUNDLE_IDENTIFIER = "Resurrection-Bird.Phoenix-GameTests";
				PRODUCT_NAME = "$(TARGET_NAME)";
				SWIFT_VERSION = 5.0;
				TARGETED_DEVICE_FAMILY = "1,2";
				TEST_HOST = "$(BUILT_PRODUCTS_DIR)/Phoenix_Game.app/Phoenix_Game";
			};
			name = Release;
		};
		955A002A263C166D0023D8EB /* Debug */ = {
			isa = XCBuildConfiguration;
			buildSettings = {
				ALWAYS_EMBED_SWIFT_STANDARD_LIBRARIES = YES;
				CODE_SIGN_STYLE = Automatic;
				DEVELOPMENT_TEAM = UH8858846Y;
				INFOPLIST_FILE = Phoenix_GameUITests/Info.plist;
				LD_RUNPATH_SEARCH_PATHS = (
					"$(inherited)",
					"@executable_path/Frameworks",
					"@loader_path/Frameworks",
				);
				PRODUCT_BUNDLE_IDENTIFIER = "Resurrection-Bird.Phoenix-GameUITests";
				PRODUCT_NAME = "$(TARGET_NAME)";
				SWIFT_VERSION = 5.0;
				TARGETED_DEVICE_FAMILY = "1,2";
				TEST_TARGET_NAME = Phoenix_Game;
			};
			name = Debug;
		};
		955A002B263C166D0023D8EB /* Release */ = {
			isa = XCBuildConfiguration;
			buildSettings = {
				ALWAYS_EMBED_SWIFT_STANDARD_LIBRARIES = YES;
				CODE_SIGN_STYLE = Automatic;
				DEVELOPMENT_TEAM = UH8858846Y;
				INFOPLIST_FILE = Phoenix_GameUITests/Info.plist;
				LD_RUNPATH_SEARCH_PATHS = (
					"$(inherited)",
					"@executable_path/Frameworks",
					"@loader_path/Frameworks",
				);
				PRODUCT_BUNDLE_IDENTIFIER = "Resurrection-Bird.Phoenix-GameUITests";
				PRODUCT_NAME = "$(TARGET_NAME)";
				SWIFT_VERSION = 5.0;
				TARGETED_DEVICE_FAMILY = "1,2";
				TEST_TARGET_NAME = Phoenix_Game;
			};
			name = Release;
		};
/* End XCBuildConfiguration section */

/* Begin XCConfigurationList section */
		955A0023263C166D0023D8EB /* Build configuration list for PBXNativeTarget "Phoenix_Game" */ = {
			isa = XCConfigurationList;
			buildConfigurations = (
				955A0024263C166D0023D8EB /* Debug */,
				955A0025263C166D0023D8EB /* Release */,
			);
			defaultConfigurationIsVisible = 0;
			defaultConfigurationName = Release;
		};
		955A0026263C166D0023D8EB /* Build configuration list for PBXNativeTarget "Phoenix_GameTests" */ = {
			isa = XCConfigurationList;
			buildConfigurations = (
				955A0027263C166D0023D8EB /* Debug */,
				955A0028263C166D0023D8EB /* Release */,
			);
			defaultConfigurationIsVisible = 0;
			defaultConfigurationName = Release;
		};
		955A0029263C166D0023D8EB /* Build configuration list for PBXNativeTarget "Phoenix_GameUITests" */ = {
			isa = XCConfigurationList;
			buildConfigurations = (
				955A002A263C166D0023D8EB /* Debug */,
				955A002B263C166D0023D8EB /* Release */,
			);
			defaultConfigurationIsVisible = 0;
			defaultConfigurationName = Release;
		};
		955AFFF3263C163F0023D8EB /* Build configuration list for PBXProject "Phoenix_Game" */ = {
			isa = XCConfigurationList;
			buildConfigurations = (
				955A0021263C166D0023D8EB /* Debug */,
				955A0022263C166D0023D8EB /* Release */,
			);
			defaultConfigurationIsVisible = 0;
			defaultConfigurationName = Release;
		};
/* End XCConfigurationList section */

/* Begin XCRemoteSwiftPackageReference section */
		955A002F263C1E610023D8EB /* XCRemoteSwiftPackageReference "SwifterSwift" */ = {
			isa = XCRemoteSwiftPackageReference;
			repositoryURL = "https://github.com/SwifterSwift/SwifterSwift";
			requirement = {
				kind = upToNextMajorVersion;
				minimumVersion = 5.2.0;
			};
		};
/* End XCRemoteSwiftPackageReference section */

/* Begin XCSwiftPackageProductDependency section */
		955A0030263C1E610023D8EB /* SwifterSwift */ = {
			isa = XCSwiftPackageProductDependency;
			package = 955A002F263C1E610023D8EB /* XCRemoteSwiftPackageReference "SwifterSwift" */;
			productName = SwifterSwift;
		};
/* End XCSwiftPackageProductDependency section */
	};
	rootObject = 955AFFF0263C163F0023D8EB /* Project object */;
}
